// !$*UTF8*$!
{
	archiveVersion = 1;
	classes = {
	};
	objectVersion = 56;
	objects = {

/* Begin PBXBuildFile section */
		ABCA6A3829968E9A0002F8F2 /* NotificationViewCell.swift in Sources */ = {isa = PBXBuildFile; fileRef = ABCA6A3729968E9A0002F8F2 /* NotificationViewCell.swift */; };
		ABCA6A3A29968EE50002F8F2 /* WeatherCardView.swift in Sources */ = {isa = PBXBuildFile; fileRef = ABCA6A3929968EE50002F8F2 /* WeatherCardView.swift */; };
		ABCA6A3C29968F200002F8F2 /* HeaderGreetings.swift in Sources */ = {isa = PBXBuildFile; fileRef = ABCA6A3B29968F200002F8F2 /* HeaderGreetings.swift */; };
		ABCA6A3E2996CC670002F8F2 /* NotificationsTableView.swift in Sources */ = {isa = PBXBuildFile; fileRef = ABCA6A3D2996CC670002F8F2 /* NotificationsTableView.swift */; };
		ABCA6A42299813520002F8F2 /* ViewCoding.swift in Sources */ = {isa = PBXBuildFile; fileRef = ABCA6A41299813520002F8F2 /* ViewCoding.swift */; };
		DF104277299E528E00356761 /* WeCare.xcdatamodeld in Sources */ = {isa = PBXBuildFile; fileRef = DF104275299E528E00356761 /* WeCare.xcdatamodeld */; };
		DF10427B299E538E00356761 /* LocalPersistenceManager.swift in Sources */ = {isa = PBXBuildFile; fileRef = DF10427A299E538E00356761 /* LocalPersistenceManager.swift */; };
		DF10427D299E53D300356761 /* CoreDataStack.swift in Sources */ = {isa = PBXBuildFile; fileRef = DF10427C299E53D300356761 /* CoreDataStack.swift */; };
		DF104280299E546200356761 /* DailyControl.swift in Sources */ = {isa = PBXBuildFile; fileRef = DF10427F299E546200356761 /* DailyControl.swift */; };
		DF245217299E5DAA002DC6C1 /* TasksControl.swift in Sources */ = {isa = PBXBuildFile; fileRef = DF245216299E5DAA002DC6C1 /* TasksControl.swift */; };
		DF30927029918150000EB8F6 /* AppDelegate.swift in Sources */ = {isa = PBXBuildFile; fileRef = DF30926F29918150000EB8F6 /* AppDelegate.swift */; };
		DF30927229918150000EB8F6 /* SceneDelegate.swift in Sources */ = {isa = PBXBuildFile; fileRef = DF30927129918150000EB8F6 /* SceneDelegate.swift */; };
		DF30927929918150000EB8F6 /* Assets.xcassets in Resources */ = {isa = PBXBuildFile; fileRef = DF30927829918150000EB8F6 /* Assets.xcassets */; };
		DF30927C29918150000EB8F6 /* LaunchScreen.storyboard in Resources */ = {isa = PBXBuildFile; fileRef = DF30927A29918150000EB8F6 /* LaunchScreen.storyboard */; };
		DF30928729918150000EB8F6 /* WeCareTests.swift in Sources */ = {isa = PBXBuildFile; fileRef = DF30928629918150000EB8F6 /* WeCareTests.swift */; };
		DF52B41E299CFEAC00F54E43 /* StepByStepController.swift in Sources */ = {isa = PBXBuildFile; fileRef = DF52B41D299CFEAC00F54E43 /* StepByStepController.swift */; };
		DF52B421299CFF1B00F54E43 /* StepByStepView.swift in Sources */ = {isa = PBXBuildFile; fileRef = DF52B420299CFF1B00F54E43 /* StepByStepView.swift */; };
		DF52B424299CFF4800F54E43 /* StepByStepViewCell.swift in Sources */ = {isa = PBXBuildFile; fileRef = DF52B423299CFF4800F54E43 /* StepByStepViewCell.swift */; };
		DF52B426299D072000F54E43 /* NotificationsTaskExtension.swift in Sources */ = {isa = PBXBuildFile; fileRef = DF52B425299D072000F54E43 /* NotificationsTaskExtension.swift */; };
		DF75DB0129A78BA400654AC0 /* DismissSheet.swift in Sources */ = {isa = PBXBuildFile; fileRef = DF75DB0029A78BA400654AC0 /* DismissSheet.swift */; };
		DF75DB0429A792BD00654AC0 /* LocalNotificationLoader.swift in Sources */ = {isa = PBXBuildFile; fileRef = DF75DB0329A792BD00654AC0 /* LocalNotificationLoader.swift */; };
		DF75DB0629A953F600654AC0 /* Double.swift in Sources */ = {isa = PBXBuildFile; fileRef = DF75DB0529A953F600654AC0 /* Double.swift */; };
		DF75DB0C29AA875000654AC0 /* StepByStepFactory.swift in Sources */ = {isa = PBXBuildFile; fileRef = DF75DB0B29AA875000654AC0 /* StepByStepFactory.swift */; };
		DF75DB1329ABBC8200654AC0 /* HalfCircleProgress.swift in Sources */ = {isa = PBXBuildFile; fileRef = DF75DB1229ABBC8200654AC0 /* HalfCircleProgress.swift */; };
		DF75DB1529ABBD2C00654AC0 /* TasksProgressView.swift in Sources */ = {isa = PBXBuildFile; fileRef = DF75DB1429ABBD2C00654AC0 /* TasksProgressView.swift */; };
		DF75DB1829ABDDC600654AC0 /* TasksProgressController.swift in Sources */ = {isa = PBXBuildFile; fileRef = DF75DB1729ABDDC600654AC0 /* TasksProgressController.swift */; };
		DF75DB1B29ABE0EE00654AC0 /* TasksProgressViewModel.swift in Sources */ = {isa = PBXBuildFile; fileRef = DF75DB1A29ABE0EE00654AC0 /* TasksProgressViewModel.swift */; };
		DF75DB1E29ABE43200654AC0 /* TasksProgressFactory.swift in Sources */ = {isa = PBXBuildFile; fileRef = DF75DB1D29ABE43200654AC0 /* TasksProgressFactory.swift */; };
		DF8F97A1299B191100AD3A5C /* DailyTasksView.swift in Sources */ = {isa = PBXBuildFile; fileRef = DF8F97A0299B191100AD3A5C /* DailyTasksView.swift */; };
		DF8F97A4299B19DC00AD3A5C /* DailyTasksController.swift in Sources */ = {isa = PBXBuildFile; fileRef = DF8F97A3299B19DC00AD3A5C /* DailyTasksController.swift */; };
		DF8F97A7299B1CB400AD3A5C /* Date.swift in Sources */ = {isa = PBXBuildFile; fileRef = DF8F97A6299B1CB400AD3A5C /* Date.swift */; };
		DF8F97AA299B1D8B00AD3A5C /* DailyTasksFactory.swift in Sources */ = {isa = PBXBuildFile; fileRef = DF8F97A9299B1D8B00AD3A5C /* DailyTasksFactory.swift */; };
		DFB7C8EB29AD58C600905A3A /* Lottie in Frameworks */ = {isa = PBXBuildFile; productRef = DFB7C8EA29AD58C600905A3A /* Lottie */; };
		DFB7C8F129AE1F2800905A3A /* loader.json in Resources */ = {isa = PBXBuildFile; fileRef = DFB7C8F029AE1F2800905A3A /* loader.json */; };
		DFB7C8F729AE255300905A3A /* empty-notifications.json in Resources */ = {isa = PBXBuildFile; fileRef = DFB7C8F629AE255300905A3A /* empty-notifications.json */; };
		DFE1C8B329967ABD006922BE /* WeatherLoader in Frameworks */ = {isa = PBXBuildFile; productRef = DFE1C8B229967ABD006922BE /* WeatherLoader */; };
		DFE84963299BB0AF006A7805 /* DailyTasksPresenter.swift in Sources */ = {isa = PBXBuildFile; fileRef = DFE84962299BB0AF006A7805 /* DailyTasksPresenter.swift */; };
		DFE84966299BB132006A7805 /* HeaderGreetingsViewModel.swift in Sources */ = {isa = PBXBuildFile; fileRef = DFE84965299BB132006A7805 /* HeaderGreetingsViewModel.swift */; };
		DFE84968299BB1A0006A7805 /* WeatherCardViewModel.swift in Sources */ = {isa = PBXBuildFile; fileRef = DFE84967299BB1A0006A7805 /* WeatherCardViewModel.swift */; };
		DFE8496A299BB271006A7805 /* NotificationsTasksViewModel.swift in Sources */ = {isa = PBXBuildFile; fileRef = DFE84969299BB271006A7805 /* NotificationsTasksViewModel.swift */; };
		DFE8496C299BB3AE006A7805 /* DailyTasksViewModel.swift in Sources */ = {isa = PBXBuildFile; fileRef = DFE8496B299BB3AE006A7805 /* DailyTasksViewModel.swift */; };
		DFE8496F299BC4F0006A7805 /* RemoteWeatherLoader.swift in Sources */ = {isa = PBXBuildFile; fileRef = DFE8496E299BC4F0006A7805 /* RemoteWeatherLoader.swift */; };
		DFE84971299BC568006A7805 /* LocalWeather.swift in Sources */ = {isa = PBXBuildFile; fileRef = DFE84970299BC568006A7805 /* LocalWeather.swift */; };
/* End PBXBuildFile section */

/* Begin PBXContainerItemProxy section */
		DF30928329918150000EB8F6 /* PBXContainerItemProxy */ = {
			isa = PBXContainerItemProxy;
			containerPortal = DF30926429918150000EB8F6 /* Project object */;
			proxyType = 1;
			remoteGlobalIDString = DF30926B29918150000EB8F6;
			remoteInfo = WeCare;
		};
/* End PBXContainerItemProxy section */

/* Begin PBXFileReference section */
		ABCA6A3729968E9A0002F8F2 /* NotificationViewCell.swift */ = {isa = PBXFileReference; lastKnownFileType = sourcecode.swift; path = NotificationViewCell.swift; sourceTree = "<group>"; };
		ABCA6A3929968EE50002F8F2 /* WeatherCardView.swift */ = {isa = PBXFileReference; lastKnownFileType = sourcecode.swift; path = WeatherCardView.swift; sourceTree = "<group>"; };
		ABCA6A3B29968F200002F8F2 /* HeaderGreetings.swift */ = {isa = PBXFileReference; lastKnownFileType = sourcecode.swift; path = HeaderGreetings.swift; sourceTree = "<group>"; };
		ABCA6A3D2996CC670002F8F2 /* NotificationsTableView.swift */ = {isa = PBXFileReference; lastKnownFileType = sourcecode.swift; path = NotificationsTableView.swift; sourceTree = "<group>"; };
		ABCA6A41299813520002F8F2 /* ViewCoding.swift */ = {isa = PBXFileReference; lastKnownFileType = sourcecode.swift; path = ViewCoding.swift; sourceTree = "<group>"; };
		DF104276299E528E00356761 /* WeCare.xcdatamodel */ = {isa = PBXFileReference; lastKnownFileType = wrapper.xcdatamodel; path = WeCare.xcdatamodel; sourceTree = "<group>"; };
		DF10427A299E538E00356761 /* LocalPersistenceManager.swift */ = {isa = PBXFileReference; lastKnownFileType = sourcecode.swift; path = LocalPersistenceManager.swift; sourceTree = "<group>"; };
		DF10427C299E53D300356761 /* CoreDataStack.swift */ = {isa = PBXFileReference; lastKnownFileType = sourcecode.swift; path = CoreDataStack.swift; sourceTree = "<group>"; };
		DF10427F299E546200356761 /* DailyControl.swift */ = {isa = PBXFileReference; lastKnownFileType = sourcecode.swift; path = DailyControl.swift; sourceTree = "<group>"; };
		DF245216299E5DAA002DC6C1 /* TasksControl.swift */ = {isa = PBXFileReference; lastKnownFileType = sourcecode.swift; path = TasksControl.swift; sourceTree = "<group>"; };
		DF30926C29918150000EB8F6 /* WeCare.app */ = {isa = PBXFileReference; explicitFileType = wrapper.application; includeInIndex = 0; path = WeCare.app; sourceTree = BUILT_PRODUCTS_DIR; };
		DF30926F29918150000EB8F6 /* AppDelegate.swift */ = {isa = PBXFileReference; lastKnownFileType = sourcecode.swift; path = AppDelegate.swift; sourceTree = "<group>"; };
		DF30927129918150000EB8F6 /* SceneDelegate.swift */ = {isa = PBXFileReference; lastKnownFileType = sourcecode.swift; path = SceneDelegate.swift; sourceTree = "<group>"; };
		DF30927829918150000EB8F6 /* Assets.xcassets */ = {isa = PBXFileReference; lastKnownFileType = folder.assetcatalog; path = Assets.xcassets; sourceTree = "<group>"; };
		DF30927B29918150000EB8F6 /* Base */ = {isa = PBXFileReference; lastKnownFileType = file.storyboard; name = Base; path = Base.lproj/LaunchScreen.storyboard; sourceTree = "<group>"; };
		DF30927D29918150000EB8F6 /* Info.plist */ = {isa = PBXFileReference; lastKnownFileType = text.plist.xml; path = Info.plist; sourceTree = "<group>"; };
		DF30928229918150000EB8F6 /* WeCareTests.xctest */ = {isa = PBXFileReference; explicitFileType = wrapper.cfbundle; includeInIndex = 0; path = WeCareTests.xctest; sourceTree = BUILT_PRODUCTS_DIR; };
		DF30928629918150000EB8F6 /* WeCareTests.swift */ = {isa = PBXFileReference; lastKnownFileType = sourcecode.swift; path = WeCareTests.swift; sourceTree = "<group>"; };
		DF52B41D299CFEAC00F54E43 /* StepByStepController.swift */ = {isa = PBXFileReference; lastKnownFileType = sourcecode.swift; path = StepByStepController.swift; sourceTree = "<group>"; };
		DF52B420299CFF1B00F54E43 /* StepByStepView.swift */ = {isa = PBXFileReference; lastKnownFileType = sourcecode.swift; path = StepByStepView.swift; sourceTree = "<group>"; };
		DF52B423299CFF4800F54E43 /* StepByStepViewCell.swift */ = {isa = PBXFileReference; lastKnownFileType = sourcecode.swift; path = StepByStepViewCell.swift; sourceTree = "<group>"; };
		DF52B425299D072000F54E43 /* NotificationsTaskExtension.swift */ = {isa = PBXFileReference; lastKnownFileType = sourcecode.swift; path = NotificationsTaskExtension.swift; sourceTree = "<group>"; };
		DF6609D2299414C400185DF8 /* WeCare.entitlements */ = {isa = PBXFileReference; lastKnownFileType = text.plist.entitlements; path = WeCare.entitlements; sourceTree = "<group>"; };
		DF75DB0029A78BA400654AC0 /* DismissSheet.swift */ = {isa = PBXFileReference; lastKnownFileType = sourcecode.swift; path = DismissSheet.swift; sourceTree = "<group>"; };
		DF75DB0329A792BD00654AC0 /* LocalNotificationLoader.swift */ = {isa = PBXFileReference; lastKnownFileType = sourcecode.swift; path = LocalNotificationLoader.swift; sourceTree = "<group>"; };
		DF75DB0529A953F600654AC0 /* Double.swift */ = {isa = PBXFileReference; lastKnownFileType = sourcecode.swift; path = Double.swift; sourceTree = "<group>"; };
		DF75DB0B29AA875000654AC0 /* StepByStepFactory.swift */ = {isa = PBXFileReference; lastKnownFileType = sourcecode.swift; path = StepByStepFactory.swift; sourceTree = "<group>"; };
		DF75DB1229ABBC8200654AC0 /* HalfCircleProgress.swift */ = {isa = PBXFileReference; lastKnownFileType = sourcecode.swift; path = HalfCircleProgress.swift; sourceTree = "<group>"; };
		DF75DB1429ABBD2C00654AC0 /* TasksProgressView.swift */ = {isa = PBXFileReference; lastKnownFileType = sourcecode.swift; path = TasksProgressView.swift; sourceTree = "<group>"; };
		DF75DB1729ABDDC600654AC0 /* TasksProgressController.swift */ = {isa = PBXFileReference; lastKnownFileType = sourcecode.swift; path = TasksProgressController.swift; sourceTree = "<group>"; };
		DF75DB1A29ABE0EE00654AC0 /* TasksProgressViewModel.swift */ = {isa = PBXFileReference; lastKnownFileType = sourcecode.swift; path = TasksProgressViewModel.swift; sourceTree = "<group>"; };
		DF75DB1D29ABE43200654AC0 /* TasksProgressFactory.swift */ = {isa = PBXFileReference; lastKnownFileType = sourcecode.swift; path = TasksProgressFactory.swift; sourceTree = "<group>"; };
		DF8F97A0299B191100AD3A5C /* DailyTasksView.swift */ = {isa = PBXFileReference; lastKnownFileType = sourcecode.swift; path = DailyTasksView.swift; sourceTree = "<group>"; };
		DF8F97A3299B19DC00AD3A5C /* DailyTasksController.swift */ = {isa = PBXFileReference; lastKnownFileType = sourcecode.swift; path = DailyTasksController.swift; sourceTree = "<group>"; };
		DF8F97A6299B1CB400AD3A5C /* Date.swift */ = {isa = PBXFileReference; lastKnownFileType = sourcecode.swift; path = Date.swift; sourceTree = "<group>"; };
		DF8F97A9299B1D8B00AD3A5C /* DailyTasksFactory.swift */ = {isa = PBXFileReference; lastKnownFileType = sourcecode.swift; path = DailyTasksFactory.swift; sourceTree = "<group>"; };
		DFB7C8F029AE1F2800905A3A /* loader.json */ = {isa = PBXFileReference; fileEncoding = 4; lastKnownFileType = text.json; path = loader.json; sourceTree = "<group>"; };
		DFB7C8F629AE255300905A3A /* empty-notifications.json */ = {isa = PBXFileReference; fileEncoding = 4; lastKnownFileType = text.json; path = "empty-notifications.json"; sourceTree = "<group>"; };
		DFE1C8B129967A9A006922BE /* WeatherLoader */ = {isa = PBXFileReference; lastKnownFileType = wrapper; path = WeatherLoader; sourceTree = "<group>"; };
		DFE84962299BB0AF006A7805 /* DailyTasksPresenter.swift */ = {isa = PBXFileReference; lastKnownFileType = sourcecode.swift; path = DailyTasksPresenter.swift; sourceTree = "<group>"; };
		DFE84965299BB132006A7805 /* HeaderGreetingsViewModel.swift */ = {isa = PBXFileReference; lastKnownFileType = sourcecode.swift; path = HeaderGreetingsViewModel.swift; sourceTree = "<group>"; };
		DFE84967299BB1A0006A7805 /* WeatherCardViewModel.swift */ = {isa = PBXFileReference; lastKnownFileType = sourcecode.swift; path = WeatherCardViewModel.swift; sourceTree = "<group>"; };
		DFE84969299BB271006A7805 /* NotificationsTasksViewModel.swift */ = {isa = PBXFileReference; lastKnownFileType = sourcecode.swift; path = NotificationsTasksViewModel.swift; sourceTree = "<group>"; };
		DFE8496B299BB3AE006A7805 /* DailyTasksViewModel.swift */ = {isa = PBXFileReference; lastKnownFileType = sourcecode.swift; path = DailyTasksViewModel.swift; sourceTree = "<group>"; };
		DFE8496E299BC4F0006A7805 /* RemoteWeatherLoader.swift */ = {isa = PBXFileReference; lastKnownFileType = sourcecode.swift; path = RemoteWeatherLoader.swift; sourceTree = "<group>"; };
		DFE84970299BC568006A7805 /* LocalWeather.swift */ = {isa = PBXFileReference; lastKnownFileType = sourcecode.swift; path = LocalWeather.swift; sourceTree = "<group>"; };
/* End PBXFileReference section */

/* Begin PBXFrameworksBuildPhase section */
		DF30926929918150000EB8F6 /* Frameworks */ = {
			isa = PBXFrameworksBuildPhase;
			buildActionMask = 2147483647;
			files = (
				DFE1C8B329967ABD006922BE /* WeatherLoader in Frameworks */,
				DFB7C8EB29AD58C600905A3A /* Lottie in Frameworks */,
			);
			runOnlyForDeploymentPostprocessing = 0;
		};
		DF30927F29918150000EB8F6 /* Frameworks */ = {
			isa = PBXFrameworksBuildPhase;
			buildActionMask = 2147483647;
			files = (
			);
			runOnlyForDeploymentPostprocessing = 0;
		};
/* End PBXFrameworksBuildPhase section */

/* Begin PBXGroup section */
		ABCA6A3529968A180002F8F2 /* View */ = {
			isa = PBXGroup;
			children = (
				DF8F979F299B18E200AD3A5C /* UI Components */,
				DF8F97A0299B191100AD3A5C /* DailyTasksView.swift */,
			);
			path = View;
			sourceTree = "<group>";
		};
		ABCA6A3F2998130D0002F8F2 /* Utilities */ = {
			isa = PBXGroup;
			children = (
				DF8F97A5299B1C9A00AD3A5C /* Extensions */,
				ABCA6A40299813170002F8F2 /* Protocols */,
			);
			path = Utilities;
			sourceTree = "<group>";
		};
		ABCA6A40299813170002F8F2 /* Protocols */ = {
			isa = PBXGroup;
			children = (
				ABCA6A41299813520002F8F2 /* ViewCoding.swift */,
				DF75DB0029A78BA400654AC0 /* DismissSheet.swift */,
			);
			path = Protocols;
			sourceTree = "<group>";
		};
		DF104278299E52E800356761 /* WeatherAPI */ = {
			isa = PBXGroup;
			children = (
				DFE8496E299BC4F0006A7805 /* RemoteWeatherLoader.swift */,
			);
			path = WeatherAPI;
			sourceTree = "<group>";
		};
		DF104279299E533200356761 /* CoreDataClient */ = {
			isa = PBXGroup;
			children = (
				DF10427E299E542100356761 /* CoreDataContract */,
				DF104275299E528E00356761 /* WeCare.xcdatamodeld */,
				DF10427A299E538E00356761 /* LocalPersistenceManager.swift */,
				DF10427C299E53D300356761 /* CoreDataStack.swift */,
			);
			path = CoreDataClient;
			sourceTree = "<group>";
		};
		DF10427E299E542100356761 /* CoreDataContract */ = {
			isa = PBXGroup;
			children = (
				DF10427F299E546200356761 /* DailyControl.swift */,
				DF245216299E5DAA002DC6C1 /* TasksControl.swift */,
			);
			path = CoreDataContract;
			sourceTree = "<group>";
		};
		DF30926329918150000EB8F6 = {
			isa = PBXGroup;
			children = (
				DF30926E29918150000EB8F6 /* WeCare */,
				DF30928529918150000EB8F6 /* WeCareTests */,
				DF30926D29918150000EB8F6 /* Products */,
				DF6609CF2993C90000185DF8 /* Frameworks */,
				DFE1C8B029967A9A006922BE /* Packages */,
			);
			sourceTree = "<group>";
		};
		DF30926D29918150000EB8F6 /* Products */ = {
			isa = PBXGroup;
			children = (
				DF30926C29918150000EB8F6 /* WeCare.app */,
				DF30928229918150000EB8F6 /* WeCareTests.xctest */,
			);
			name = Products;
			sourceTree = "<group>";
		};
		DF30926E29918150000EB8F6 /* WeCare */ = {
			isa = PBXGroup;
			children = (
				DF6609D2299414C400185DF8 /* WeCare.entitlements */,
				DF30929F29918173000EB8F6 /* Application */,
				DF3092A02991818C000EB8F6 /* Resources */,
				DF3092A1299181BE000EB8F6 /* Sources */,
				DF30927D29918150000EB8F6 /* Info.plist */,
			);
			path = WeCare;
			sourceTree = "<group>";
		};
		DF30928529918150000EB8F6 /* WeCareTests */ = {
			isa = PBXGroup;
			children = (
				DF30928629918150000EB8F6 /* WeCareTests.swift */,
			);
			path = WeCareTests;
			sourceTree = "<group>";
		};
		DF30929F29918173000EB8F6 /* Application */ = {
			isa = PBXGroup;
			children = (
				DF30927A29918150000EB8F6 /* LaunchScreen.storyboard */,
				DF30926F29918150000EB8F6 /* AppDelegate.swift */,
				DF30927129918150000EB8F6 /* SceneDelegate.swift */,
			);
			path = Application;
			sourceTree = "<group>";
		};
		DF3092A02991818C000EB8F6 /* Resources */ = {
			isa = PBXGroup;
			children = (
				DFB7C8E629AD557B00905A3A /* LottieFiles */,
				DF30927829918150000EB8F6 /* Assets.xcassets */,
			);
			path = Resources;
			sourceTree = "<group>";
		};
		DF3092A1299181BE000EB8F6 /* Sources */ = {
			isa = PBXGroup;
			children = (
				DF8F979D299B188E00AD3A5C /* Scenes */,
				ABCA6A3F2998130D0002F8F2 /* Utilities */,
			);
			path = Sources;
			sourceTree = "<group>";
		};
		DF52B41B299CFE8200F54E43 /* StepByStep */ = {
			isa = PBXGroup;
			children = (
				DF75DB0A29AA873300654AC0 /* Factory */,
				DF52B41F299CFEF000F54E43 /* View */,
				DF52B41C299CFE9400F54E43 /* Controller */,
			);
			path = StepByStep;
			sourceTree = "<group>";
		};
		DF52B41C299CFE9400F54E43 /* Controller */ = {
			isa = PBXGroup;
			children = (
				DF52B41D299CFEAC00F54E43 /* StepByStepController.swift */,
			);
			path = Controller;
			sourceTree = "<group>";
		};
		DF52B41F299CFEF000F54E43 /* View */ = {
			isa = PBXGroup;
			children = (
				DF52B422299CFF2000F54E43 /* UI Components */,
				DF52B420299CFF1B00F54E43 /* StepByStepView.swift */,
			);
			path = View;
			sourceTree = "<group>";
		};
		DF52B422299CFF2000F54E43 /* UI Components */ = {
			isa = PBXGroup;
			children = (
				DF52B423299CFF4800F54E43 /* StepByStepViewCell.swift */,
			);
			path = "UI Components";
			sourceTree = "<group>";
		};
		DF6609CF2993C90000185DF8 /* Frameworks */ = {
			isa = PBXGroup;
			children = (
			);
			name = Frameworks;
			sourceTree = "<group>";
		};
		DF75DB0229A7928D00654AC0 /* NotificationsManager */ = {
			isa = PBXGroup;
			children = (
				DF75DB0329A792BD00654AC0 /* LocalNotificationLoader.swift */,
			);
			path = NotificationsManager;
			sourceTree = "<group>";
		};
		DF75DB0A29AA873300654AC0 /* Factory */ = {
			isa = PBXGroup;
			children = (
				DF75DB0B29AA875000654AC0 /* StepByStepFactory.swift */,
			);
			path = Factory;
			sourceTree = "<group>";
		};
		DF75DB0F29ABBC4A00654AC0 /* TasksProgress */ = {
			isa = PBXGroup;
			children = (
				DF75DB1C29ABE41800654AC0 /* Factory */,
				DF75DB1929ABE0C500654AC0 /* Model */,
				DF75DB1629ABDDB000654AC0 /* Controller */,
				DF75DB1029ABBC5B00654AC0 /* View */,
			);
			path = TasksProgress;
			sourceTree = "<group>";
		};
		DF75DB1029ABBC5B00654AC0 /* View */ = {
			isa = PBXGroup;
			children = (
				DF75DB1129ABBC6100654AC0 /* UI Components */,
				DF75DB1429ABBD2C00654AC0 /* TasksProgressView.swift */,
			);
			path = View;
			sourceTree = "<group>";
		};
		DF75DB1129ABBC6100654AC0 /* UI Components */ = {
			isa = PBXGroup;
			children = (
				DF75DB1229ABBC8200654AC0 /* HalfCircleProgress.swift */,
			);
			path = "UI Components";
			sourceTree = "<group>";
		};
		DF75DB1629ABDDB000654AC0 /* Controller */ = {
			isa = PBXGroup;
			children = (
				DF75DB1729ABDDC600654AC0 /* TasksProgressController.swift */,
			);
			path = Controller;
			sourceTree = "<group>";
		};
		DF75DB1929ABE0C500654AC0 /* Model */ = {
			isa = PBXGroup;
			children = (
				DF75DB1A29ABE0EE00654AC0 /* TasksProgressViewModel.swift */,
			);
			path = Model;
			sourceTree = "<group>";
		};
		DF75DB1C29ABE41800654AC0 /* Factory */ = {
			isa = PBXGroup;
			children = (
				DF75DB1D29ABE43200654AC0 /* TasksProgressFactory.swift */,
			);
			path = Factory;
			sourceTree = "<group>";
		};
		DF8F979D299B188E00AD3A5C /* Scenes */ = {
			isa = PBXGroup;
			children = (
				DF75DB0F29ABBC4A00654AC0 /* TasksProgress */,
				DF52B41B299CFE8200F54E43 /* StepByStep */,
				DF8F979E299B189700AD3A5C /* DailyTasks */,
			);
			path = Scenes;
			sourceTree = "<group>";
		};
		DF8F979E299B189700AD3A5C /* DailyTasks */ = {
			isa = PBXGroup;
			children = (
				DFE8496D299BC4C7006A7805 /* Service */,
				DF8F97A8299B1D7500AD3A5C /* Factory */,
				DF8F97A2299B19BB00AD3A5C /* Controller */,
				DFE84964299BB0F7006A7805 /* Model */,
				ABCA6A3529968A180002F8F2 /* View */,
				DFE84961299BB079006A7805 /* Presenter */,
			);
			path = DailyTasks;
			sourceTree = "<group>";
		};
		DF8F979F299B18E200AD3A5C /* UI Components */ = {
			isa = PBXGroup;
			children = (
				ABCA6A3729968E9A0002F8F2 /* NotificationViewCell.swift */,
				ABCA6A3929968EE50002F8F2 /* WeatherCardView.swift */,
				ABCA6A3B29968F200002F8F2 /* HeaderGreetings.swift */,
				ABCA6A3D2996CC670002F8F2 /* NotificationsTableView.swift */,
			);
			path = "UI Components";
			sourceTree = "<group>";
		};
		DF8F97A2299B19BB00AD3A5C /* Controller */ = {
			isa = PBXGroup;
			children = (
				DF8F97A3299B19DC00AD3A5C /* DailyTasksController.swift */,
			);
			path = Controller;
			sourceTree = "<group>";
		};
		DF8F97A5299B1C9A00AD3A5C /* Extensions */ = {
			isa = PBXGroup;
			children = (
				DF8F97A6299B1CB400AD3A5C /* Date.swift */,
				DF52B425299D072000F54E43 /* NotificationsTaskExtension.swift */,
				DF75DB0529A953F600654AC0 /* Double.swift */,
			);
			path = Extensions;
			sourceTree = "<group>";
		};
		DF8F97A8299B1D7500AD3A5C /* Factory */ = {
			isa = PBXGroup;
			children = (
				DF8F97A9299B1D8B00AD3A5C /* DailyTasksFactory.swift */,
			);
			path = Factory;
			sourceTree = "<group>";
		};
		DFB7C8E629AD557B00905A3A /* LottieFiles */ = {
			isa = PBXGroup;
			children = (
				DFB7C8F029AE1F2800905A3A /* loader.json */,
				DFB7C8F629AE255300905A3A /* empty-notifications.json */,
			);
			path = LottieFiles;
			sourceTree = "<group>";
		};
		DFE1C8B029967A9A006922BE /* Packages */ = {
			isa = PBXGroup;
			children = (
				DFE1C8B129967A9A006922BE /* WeatherLoader */,
			);
			name = Packages;
			sourceTree = "<group>";
		};
		DFE84961299BB079006A7805 /* Presenter */ = {
			isa = PBXGroup;
			children = (
				DFE84962299BB0AF006A7805 /* DailyTasksPresenter.swift */,
			);
			path = Presenter;
			sourceTree = "<group>";
		};
		DFE84964299BB0F7006A7805 /* Model */ = {
			isa = PBXGroup;
			children = (
				DFE84965299BB132006A7805 /* HeaderGreetingsViewModel.swift */,
				DFE84967299BB1A0006A7805 /* WeatherCardViewModel.swift */,
				DFE84969299BB271006A7805 /* NotificationsTasksViewModel.swift */,
				DFE8496B299BB3AE006A7805 /* DailyTasksViewModel.swift */,
				DFE84970299BC568006A7805 /* LocalWeather.swift */,
			);
			path = Model;
			sourceTree = "<group>";
		};
		DFE8496D299BC4C7006A7805 /* Service */ = {
			isa = PBXGroup;
			children = (
				DF75DB0229A7928D00654AC0 /* NotificationsManager */,
				DF104279299E533200356761 /* CoreDataClient */,
				DF104278299E52E800356761 /* WeatherAPI */,
			);
			path = Service;
			sourceTree = "<group>";
		};
/* End PBXGroup section */

/* Begin PBXNativeTarget section */
		DF30926B29918150000EB8F6 /* WeCare */ = {
			isa = PBXNativeTarget;
			buildConfigurationList = DF30929629918151000EB8F6 /* Build configuration list for PBXNativeTarget "WeCare" */;
			buildPhases = (
				DF30926829918150000EB8F6 /* Sources */,
				DF30926929918150000EB8F6 /* Frameworks */,
				DF30926A29918150000EB8F6 /* Resources */,
			);
			buildRules = (
			);
			dependencies = (
			);
			name = WeCare;
			packageProductDependencies = (
				DFE1C8B229967ABD006922BE /* WeatherLoader */,
				DFB7C8EA29AD58C600905A3A /* Lottie */,
			);
			productName = WeCare;
			productReference = DF30926C29918150000EB8F6 /* WeCare.app */;
			productType = "com.apple.product-type.application";
		};
		DF30928129918150000EB8F6 /* WeCareTests */ = {
			isa = PBXNativeTarget;
			buildConfigurationList = DF30929929918151000EB8F6 /* Build configuration list for PBXNativeTarget "WeCareTests" */;
			buildPhases = (
				DF30927E29918150000EB8F6 /* Sources */,
				DF30927F29918150000EB8F6 /* Frameworks */,
				DF30928029918150000EB8F6 /* Resources */,
			);
			buildRules = (
			);
			dependencies = (
				DF30928429918150000EB8F6 /* PBXTargetDependency */,
			);
			name = WeCareTests;
			productName = WeCareTests;
			productReference = DF30928229918150000EB8F6 /* WeCareTests.xctest */;
			productType = "com.apple.product-type.bundle.unit-test";
		};
/* End PBXNativeTarget section */

/* Begin PBXProject section */
		DF30926429918150000EB8F6 /* Project object */ = {
			isa = PBXProject;
			attributes = {
				BuildIndependentTargetsInParallel = 1;
				LastSwiftUpdateCheck = 1400;
				LastUpgradeCheck = 1400;
				TargetAttributes = {
					DF30926B29918150000EB8F6 = {
						CreatedOnToolsVersion = 14.0;
					};
					DF30928129918150000EB8F6 = {
						CreatedOnToolsVersion = 14.0;
						TestTargetID = DF30926B29918150000EB8F6;
					};
				};
			};
			buildConfigurationList = DF30926729918150000EB8F6 /* Build configuration list for PBXProject "WeCare" */;
			compatibilityVersion = "Xcode 14.0";
			developmentRegion = en;
			hasScannedForEncodings = 0;
			knownRegions = (
				en,
				Base,
			);
			mainGroup = DF30926329918150000EB8F6;
			packageReferences = (
				DFB7C8E929AD58C600905A3A /* XCRemoteSwiftPackageReference "lottie-ios" */,
			);
			productRefGroup = DF30926D29918150000EB8F6 /* Products */;
			projectDirPath = "";
			projectRoot = "";
			targets = (
				DF30926B29918150000EB8F6 /* WeCare */,
				DF30928129918150000EB8F6 /* WeCareTests */,
			);
		};
/* End PBXProject section */

/* Begin PBXResourcesBuildPhase section */
		DF30926A29918150000EB8F6 /* Resources */ = {
			isa = PBXResourcesBuildPhase;
			buildActionMask = 2147483647;
			files = (
				DF30927C29918150000EB8F6 /* LaunchScreen.storyboard in Resources */,
				DF30927929918150000EB8F6 /* Assets.xcassets in Resources */,
				DFB7C8F729AE255300905A3A /* empty-notifications.json in Resources */,
				DFB7C8F129AE1F2800905A3A /* loader.json in Resources */,
			);
			runOnlyForDeploymentPostprocessing = 0;
		};
		DF30928029918150000EB8F6 /* Resources */ = {
			isa = PBXResourcesBuildPhase;
			buildActionMask = 2147483647;
			files = (
			);
			runOnlyForDeploymentPostprocessing = 0;
		};
/* End PBXResourcesBuildPhase section */

/* Begin PBXSourcesBuildPhase section */
		DF30926829918150000EB8F6 /* Sources */ = {
			isa = PBXSourcesBuildPhase;
			buildActionMask = 2147483647;
			files = (
				DF75DB1B29ABE0EE00654AC0 /* TasksProgressViewModel.swift in Sources */,
				DF8F97A1299B191100AD3A5C /* DailyTasksView.swift in Sources */,
				DF8F97AA299B1D8B00AD3A5C /* DailyTasksFactory.swift in Sources */,
				DFE84963299BB0AF006A7805 /* DailyTasksPresenter.swift in Sources */,
				DFE84968299BB1A0006A7805 /* WeatherCardViewModel.swift in Sources */,
				DF52B424299CFF4800F54E43 /* StepByStepViewCell.swift in Sources */,
				DF104280299E546200356761 /* DailyControl.swift in Sources */,
				DF52B421299CFF1B00F54E43 /* StepByStepView.swift in Sources */,
				DF75DB1829ABDDC600654AC0 /* TasksProgressController.swift in Sources */,
				DF75DB1529ABBD2C00654AC0 /* TasksProgressView.swift in Sources */,
				DF245217299E5DAA002DC6C1 /* TasksControl.swift in Sources */,
				DFE84966299BB132006A7805 /* HeaderGreetingsViewModel.swift in Sources */,
				DF75DB1E29ABE43200654AC0 /* TasksProgressFactory.swift in Sources */,
				ABCA6A3E2996CC670002F8F2 /* NotificationsTableView.swift in Sources */,
				DF52B426299D072000F54E43 /* NotificationsTaskExtension.swift in Sources */,
				ABCA6A42299813520002F8F2 /* ViewCoding.swift in Sources */,
				DFE8496A299BB271006A7805 /* NotificationsTasksViewModel.swift in Sources */,
				DF10427B299E538E00356761 /* LocalPersistenceManager.swift in Sources */,
				DF75DB0429A792BD00654AC0 /* LocalNotificationLoader.swift in Sources */,
				DF30927029918150000EB8F6 /* AppDelegate.swift in Sources */,
				DF30927229918150000EB8F6 /* SceneDelegate.swift in Sources */,
				DFE84971299BC568006A7805 /* LocalWeather.swift in Sources */,
				DF52B41E299CFEAC00F54E43 /* StepByStepController.swift in Sources */,
				DF75DB0129A78BA400654AC0 /* DismissSheet.swift in Sources */,
				ABCA6A3829968E9A0002F8F2 /* NotificationViewCell.swift in Sources */,
				ABCA6A3C29968F200002F8F2 /* HeaderGreetings.swift in Sources */,
				DF8F97A4299B19DC00AD3A5C /* DailyTasksController.swift in Sources */,
				DF8F97A7299B1CB400AD3A5C /* Date.swift in Sources */,
				DF10427D299E53D300356761 /* CoreDataStack.swift in Sources */,
				ABCA6A3A29968EE50002F8F2 /* WeatherCardView.swift in Sources */,
				DF104277299E528E00356761 /* WeCare.xcdatamodeld in Sources */,
				DFE8496C299BB3AE006A7805 /* DailyTasksViewModel.swift in Sources */,
				DF75DB1329ABBC8200654AC0 /* HalfCircleProgress.swift in Sources */,
				DF75DB0629A953F600654AC0 /* Double.swift in Sources */,
				DFE8496F299BC4F0006A7805 /* RemoteWeatherLoader.swift in Sources */,
				DF75DB0C29AA875000654AC0 /* StepByStepFactory.swift in Sources */,
			);
			runOnlyForDeploymentPostprocessing = 0;
		};
		DF30927E29918150000EB8F6 /* Sources */ = {
			isa = PBXSourcesBuildPhase;
			buildActionMask = 2147483647;
			files = (
				DF30928729918150000EB8F6 /* WeCareTests.swift in Sources */,
			);
			runOnlyForDeploymentPostprocessing = 0;
		};
/* End PBXSourcesBuildPhase section */

/* Begin PBXTargetDependency section */
		DF30928429918150000EB8F6 /* PBXTargetDependency */ = {
			isa = PBXTargetDependency;
			target = DF30926B29918150000EB8F6 /* WeCare */;
			targetProxy = DF30928329918150000EB8F6 /* PBXContainerItemProxy */;
		};
/* End PBXTargetDependency section */

/* Begin PBXVariantGroup section */
		DF30927A29918150000EB8F6 /* LaunchScreen.storyboard */ = {
			isa = PBXVariantGroup;
			children = (
				DF30927B29918150000EB8F6 /* Base */,
			);
			name = LaunchScreen.storyboard;
			sourceTree = "<group>";
		};
/* End PBXVariantGroup section */

/* Begin XCBuildConfiguration section */
		DF30929429918151000EB8F6 /* Debug */ = {
			isa = XCBuildConfiguration;
			buildSettings = {
				ALWAYS_SEARCH_USER_PATHS = NO;
				CLANG_ANALYZER_NONNULL = YES;
				CLANG_ANALYZER_NUMBER_OBJECT_CONVERSION = YES_AGGRESSIVE;
				CLANG_CXX_LANGUAGE_STANDARD = "gnu++20";
				CLANG_ENABLE_MODULES = YES;
				CLANG_ENABLE_OBJC_ARC = YES;
				CLANG_ENABLE_OBJC_WEAK = YES;
				CLANG_WARN_BLOCK_CAPTURE_AUTORELEASING = YES;
				CLANG_WARN_BOOL_CONVERSION = YES;
				CLANG_WARN_COMMA = YES;
				CLANG_WARN_CONSTANT_CONVERSION = YES;
				CLANG_WARN_DEPRECATED_OBJC_IMPLEMENTATIONS = YES;
				CLANG_WARN_DIRECT_OBJC_ISA_USAGE = YES_ERROR;
				CLANG_WARN_DOCUMENTATION_COMMENTS = YES;
				CLANG_WARN_EMPTY_BODY = YES;
				CLANG_WARN_ENUM_CONVERSION = YES;
				CLANG_WARN_INFINITE_RECURSION = YES;
				CLANG_WARN_INT_CONVERSION = YES;
				CLANG_WARN_NON_LITERAL_NULL_CONVERSION = YES;
				CLANG_WARN_OBJC_IMPLICIT_RETAIN_SELF = YES;
				CLANG_WARN_OBJC_LITERAL_CONVERSION = YES;
				CLANG_WARN_OBJC_ROOT_CLASS = YES_ERROR;
				CLANG_WARN_QUOTED_INCLUDE_IN_FRAMEWORK_HEADER = YES;
				CLANG_WARN_RANGE_LOOP_ANALYSIS = YES;
				CLANG_WARN_STRICT_PROTOTYPES = YES;
				CLANG_WARN_SUSPICIOUS_MOVE = YES;
				CLANG_WARN_UNGUARDED_AVAILABILITY = YES_AGGRESSIVE;
				CLANG_WARN_UNREACHABLE_CODE = YES;
				CLANG_WARN__DUPLICATE_METHOD_MATCH = YES;
				COPY_PHASE_STRIP = NO;
				DEBUG_INFORMATION_FORMAT = dwarf;
				ENABLE_STRICT_OBJC_MSGSEND = YES;
				ENABLE_TESTABILITY = YES;
				GCC_C_LANGUAGE_STANDARD = gnu11;
				GCC_DYNAMIC_NO_PIC = NO;
				GCC_NO_COMMON_BLOCKS = YES;
				GCC_OPTIMIZATION_LEVEL = 0;
				GCC_PREPROCESSOR_DEFINITIONS = (
					"DEBUG=1",
					"$(inherited)",
				);
				GCC_WARN_64_TO_32_BIT_CONVERSION = YES;
				GCC_WARN_ABOUT_RETURN_TYPE = YES_ERROR;
				GCC_WARN_UNDECLARED_SELECTOR = YES;
				GCC_WARN_UNINITIALIZED_AUTOS = YES_AGGRESSIVE;
				GCC_WARN_UNUSED_FUNCTION = YES;
				GCC_WARN_UNUSED_VARIABLE = YES;
				IPHONEOS_DEPLOYMENT_TARGET = 16.0;
				MTL_ENABLE_DEBUG_INFO = INCLUDE_SOURCE;
				MTL_FAST_MATH = YES;
				ONLY_ACTIVE_ARCH = YES;
				SDKROOT = iphoneos;
				SWIFT_ACTIVE_COMPILATION_CONDITIONS = DEBUG;
				SWIFT_OPTIMIZATION_LEVEL = "-Onone";
			};
			name = Debug;
		};
		DF30929529918151000EB8F6 /* Release */ = {
			isa = XCBuildConfiguration;
			buildSettings = {
				ALWAYS_SEARCH_USER_PATHS = NO;
				CLANG_ANALYZER_NONNULL = YES;
				CLANG_ANALYZER_NUMBER_OBJECT_CONVERSION = YES_AGGRESSIVE;
				CLANG_CXX_LANGUAGE_STANDARD = "gnu++20";
				CLANG_ENABLE_MODULES = YES;
				CLANG_ENABLE_OBJC_ARC = YES;
				CLANG_ENABLE_OBJC_WEAK = YES;
				CLANG_WARN_BLOCK_CAPTURE_AUTORELEASING = YES;
				CLANG_WARN_BOOL_CONVERSION = YES;
				CLANG_WARN_COMMA = YES;
				CLANG_WARN_CONSTANT_CONVERSION = YES;
				CLANG_WARN_DEPRECATED_OBJC_IMPLEMENTATIONS = YES;
				CLANG_WARN_DIRECT_OBJC_ISA_USAGE = YES_ERROR;
				CLANG_WARN_DOCUMENTATION_COMMENTS = YES;
				CLANG_WARN_EMPTY_BODY = YES;
				CLANG_WARN_ENUM_CONVERSION = YES;
				CLANG_WARN_INFINITE_RECURSION = YES;
				CLANG_WARN_INT_CONVERSION = YES;
				CLANG_WARN_NON_LITERAL_NULL_CONVERSION = YES;
				CLANG_WARN_OBJC_IMPLICIT_RETAIN_SELF = YES;
				CLANG_WARN_OBJC_LITERAL_CONVERSION = YES;
				CLANG_WARN_OBJC_ROOT_CLASS = YES_ERROR;
				CLANG_WARN_QUOTED_INCLUDE_IN_FRAMEWORK_HEADER = YES;
				CLANG_WARN_RANGE_LOOP_ANALYSIS = YES;
				CLANG_WARN_STRICT_PROTOTYPES = YES;
				CLANG_WARN_SUSPICIOUS_MOVE = YES;
				CLANG_WARN_UNGUARDED_AVAILABILITY = YES_AGGRESSIVE;
				CLANG_WARN_UNREACHABLE_CODE = YES;
				CLANG_WARN__DUPLICATE_METHOD_MATCH = YES;
				COPY_PHASE_STRIP = NO;
				DEBUG_INFORMATION_FORMAT = "dwarf-with-dsym";
				ENABLE_NS_ASSERTIONS = NO;
				ENABLE_STRICT_OBJC_MSGSEND = YES;
				GCC_C_LANGUAGE_STANDARD = gnu11;
				GCC_NO_COMMON_BLOCKS = YES;
				GCC_WARN_64_TO_32_BIT_CONVERSION = YES;
				GCC_WARN_ABOUT_RETURN_TYPE = YES_ERROR;
				GCC_WARN_UNDECLARED_SELECTOR = YES;
				GCC_WARN_UNINITIALIZED_AUTOS = YES_AGGRESSIVE;
				GCC_WARN_UNUSED_FUNCTION = YES;
				GCC_WARN_UNUSED_VARIABLE = YES;
				IPHONEOS_DEPLOYMENT_TARGET = 16.0;
				MTL_ENABLE_DEBUG_INFO = NO;
				MTL_FAST_MATH = YES;
				SDKROOT = iphoneos;
				SWIFT_COMPILATION_MODE = wholemodule;
				SWIFT_OPTIMIZATION_LEVEL = "-O";
				VALIDATE_PRODUCT = YES;
			};
			name = Release;
		};
		DF30929729918151000EB8F6 /* Debug */ = {
			isa = XCBuildConfiguration;
			buildSettings = {
				ASSETCATALOG_COMPILER_APPICON_NAME = AppIcon;
				ASSETCATALOG_COMPILER_GLOBAL_ACCENT_COLOR_NAME = AccentColor;
				CODE_SIGN_ENTITLEMENTS = WeCare/WeCare.entitlements;
				CODE_SIGN_STYLE = Automatic;
				CURRENT_PROJECT_VERSION = 1;
				DEVELOPMENT_TEAM = 3PC4MSN8T7;
				GENERATE_INFOPLIST_FILE = YES;
				INFOPLIST_FILE = WeCare/Info.plist;
				INFOPLIST_KEY_NSLocationWhenInUseUsageDescription = "Usamos a sua localização para utilizar informações sobre o clima da sua cidade";
				INFOPLIST_KEY_UIApplicationSupportsIndirectInputEvents = YES;
				INFOPLIST_KEY_UILaunchStoryboardName = LaunchScreen;
				INFOPLIST_KEY_UISupportedInterfaceOrientations = UIInterfaceOrientationPortrait;
				LD_RUNPATH_SEARCH_PATHS = (
					"$(inherited)",
					"@executable_path/Frameworks",
				);
				MARKETING_VERSION = 1.0;
				PRODUCT_BUNDLE_IDENTIFIER = br.com.yago.WeCare;
				PRODUCT_NAME = "$(TARGET_NAME)";
				SUPPORTED_PLATFORMS = "iphoneos iphonesimulator";
				SUPPORTS_MACCATALYST = NO;
				SUPPORTS_MAC_DESIGNED_FOR_IPHONE_IPAD = NO;
				SWIFT_EMIT_LOC_STRINGS = YES;
				SWIFT_VERSION = 5.0;
				TARGETED_DEVICE_FAMILY = 1;
			};
			name = Debug;
		};
		DF30929829918151000EB8F6 /* Release */ = {
			isa = XCBuildConfiguration;
			buildSettings = {
				ASSETCATALOG_COMPILER_APPICON_NAME = AppIcon;
				ASSETCATALOG_COMPILER_GLOBAL_ACCENT_COLOR_NAME = AccentColor;
				CODE_SIGN_ENTITLEMENTS = WeCare/WeCare.entitlements;
				CODE_SIGN_STYLE = Automatic;
				CURRENT_PROJECT_VERSION = 1;
				DEVELOPMENT_TEAM = 3PC4MSN8T7;
				GENERATE_INFOPLIST_FILE = YES;
				INFOPLIST_FILE = WeCare/Info.plist;
				INFOPLIST_KEY_NSLocationWhenInUseUsageDescription = "Usamos a sua localização para utilizar informações sobre o clima da sua cidade";
				INFOPLIST_KEY_UIApplicationSupportsIndirectInputEvents = YES;
				INFOPLIST_KEY_UILaunchStoryboardName = LaunchScreen;
				INFOPLIST_KEY_UISupportedInterfaceOrientations = UIInterfaceOrientationPortrait;
				LD_RUNPATH_SEARCH_PATHS = (
					"$(inherited)",
					"@executable_path/Frameworks",
				);
				MARKETING_VERSION = 1.0;
				PRODUCT_BUNDLE_IDENTIFIER = br.com.yago.WeCare;
				PRODUCT_NAME = "$(TARGET_NAME)";
				SUPPORTED_PLATFORMS = "iphoneos iphonesimulator";
				SUPPORTS_MACCATALYST = NO;
				SUPPORTS_MAC_DESIGNED_FOR_IPHONE_IPAD = NO;
				SWIFT_EMIT_LOC_STRINGS = YES;
				SWIFT_VERSION = 5.0;
				TARGETED_DEVICE_FAMILY = 1;
			};
			name = Release;
		};
		DF30929A29918151000EB8F6 /* Debug */ = {
			isa = XCBuildConfiguration;
			buildSettings = {
				ALWAYS_EMBED_SWIFT_STANDARD_LIBRARIES = YES;
				BUNDLE_LOADER = "$(TEST_HOST)";
				CODE_SIGN_STYLE = Automatic;
				CURRENT_PROJECT_VERSION = 1;
				DEVELOPMENT_TEAM = 3PC4MSN8T7;
				GENERATE_INFOPLIST_FILE = YES;
				IPHONEOS_DEPLOYMENT_TARGET = 16.0;
				MARKETING_VERSION = 1.0;
				PRODUCT_BUNDLE_IDENTIFIER = br.com.yago.WeCareTests;
				PRODUCT_NAME = "$(TARGET_NAME)";
				SWIFT_EMIT_LOC_STRINGS = NO;
				SWIFT_VERSION = 5.0;
				TARGETED_DEVICE_FAMILY = "1,2";
				TEST_HOST = "$(BUILT_PRODUCTS_DIR)/WeCare.app/$(BUNDLE_EXECUTABLE_FOLDER_PATH)/WeCare";
			};
			name = Debug;
		};
		DF30929B29918151000EB8F6 /* Release */ = {
			isa = XCBuildConfiguration;
			buildSettings = {
				ALWAYS_EMBED_SWIFT_STANDARD_LIBRARIES = YES;
				BUNDLE_LOADER = "$(TEST_HOST)";
				CODE_SIGN_STYLE = Automatic;
				CURRENT_PROJECT_VERSION = 1;
				DEVELOPMENT_TEAM = 3PC4MSN8T7;
				GENERATE_INFOPLIST_FILE = YES;
				IPHONEOS_DEPLOYMENT_TARGET = 16.0;
				MARKETING_VERSION = 1.0;
				PRODUCT_BUNDLE_IDENTIFIER = br.com.yago.WeCareTests;
				PRODUCT_NAME = "$(TARGET_NAME)";
				SWIFT_EMIT_LOC_STRINGS = NO;
				SWIFT_VERSION = 5.0;
				TARGETED_DEVICE_FAMILY = "1,2";
				TEST_HOST = "$(BUILT_PRODUCTS_DIR)/WeCare.app/$(BUNDLE_EXECUTABLE_FOLDER_PATH)/WeCare";
			};
			name = Release;
		};
/* End XCBuildConfiguration section */

/* Begin XCConfigurationList section */
		DF30926729918150000EB8F6 /* Build configuration list for PBXProject "WeCare" */ = {
			isa = XCConfigurationList;
			buildConfigurations = (
				DF30929429918151000EB8F6 /* Debug */,
				DF30929529918151000EB8F6 /* Release */,
			);
			defaultConfigurationIsVisible = 0;
			defaultConfigurationName = Release;
		};
		DF30929629918151000EB8F6 /* Build configuration list for PBXNativeTarget "WeCare" */ = {
			isa = XCConfigurationList;
			buildConfigurations = (
				DF30929729918151000EB8F6 /* Debug */,
				DF30929829918151000EB8F6 /* Release */,
			);
			defaultConfigurationIsVisible = 0;
			defaultConfigurationName = Release;
		};
		DF30929929918151000EB8F6 /* Build configuration list for PBXNativeTarget "WeCareTests" */ = {
			isa = XCConfigurationList;
			buildConfigurations = (
				DF30929A29918151000EB8F6 /* Debug */,
				DF30929B29918151000EB8F6 /* Release */,
			);
			defaultConfigurationIsVisible = 0;
			defaultConfigurationName = Release;
		};
/* End XCConfigurationList section */

/* Begin XCRemoteSwiftPackageReference section */
		DFB7C8E929AD58C600905A3A /* XCRemoteSwiftPackageReference "lottie-ios" */ = {
			isa = XCRemoteSwiftPackageReference;
			repositoryURL = "https://github.com/airbnb/lottie-ios.git";
			requirement = {
				branch = master;
				kind = branch;
			};
		};
/* End XCRemoteSwiftPackageReference section */

/* Begin XCSwiftPackageProductDependency section */
		DFB7C8EA29AD58C600905A3A /* Lottie */ = {
			isa = XCSwiftPackageProductDependency;
			package = DFB7C8E929AD58C600905A3A /* XCRemoteSwiftPackageReference "lottie-ios" */;
			productName = Lottie;
		};
		DFE1C8B229967ABD006922BE /* WeatherLoader */ = {
			isa = XCSwiftPackageProductDependency;
			productName = WeatherLoader;
		};
/* End XCSwiftPackageProductDependency section */

/* Begin XCVersionGroup section */
		DF104275299E528E00356761 /* WeCare.xcdatamodeld */ = {
			isa = XCVersionGroup;
			children = (
				DF104276299E528E00356761 /* WeCare.xcdatamodel */,
			);
			currentVersion = DF104276299E528E00356761 /* WeCare.xcdatamodel */;
			path = WeCare.xcdatamodeld;
			sourceTree = "<group>";
			versionGroupType = wrapper.xcdatamodel;
		};
/* End XCVersionGroup section */
	};
	rootObject = DF30926429918150000EB8F6 /* Project object */;
}
